// !$*UTF8*$!
{
	archiveVersion = 1;
	classes = {
	};
	objectVersion = 50;
	objects = {

/* Begin PBXBuildFile section */
		4808D8642632A52500DD8D27 /* HomeListTableViewModel.swift in Sources */ = {isa = PBXBuildFile; fileRef = 4808D8632632A52500DD8D27 /* HomeListTableViewModel.swift */; };
		483E581325B6D3DF004DF782 /* RemindersTableViewModel.swift in Sources */ = {isa = PBXBuildFile; fileRef = 483E581225B6D3DF004DF782 /* RemindersTableViewModel.swift */; };
		4879905A2628343100C6F416 /* Task+CoreDataClass.swift in Sources */ = {isa = PBXBuildFile; fileRef = 487990582628343100C6F416 /* Task+CoreDataClass.swift */; };
		48F16E6025A1B9800036D9A3 /* AppDelegate.swift in Sources */ = {isa = PBXBuildFile; fileRef = 48F16E5F25A1B9800036D9A3 /* AppDelegate.swift */; };
		48F16E6725A1B9800036D9A3 /* Main.storyboard in Resources */ = {isa = PBXBuildFile; fileRef = 48F16E6525A1B9800036D9A3 /* Main.storyboard */; };
		48F16E6A25A1B9800036D9A3 /* Reminder_Clone.xcdatamodeld in Sources */ = {isa = PBXBuildFile; fileRef = 48F16E6825A1B9800036D9A3 /* Reminder_Clone.xcdatamodeld */; };
		48F16E6C25A1B9820036D9A3 /* Assets.xcassets in Resources */ = {isa = PBXBuildFile; fileRef = 48F16E6B25A1B9820036D9A3 /* Assets.xcassets */; };
		48F16E6F25A1B9820036D9A3 /* LaunchScreen.storyboard in Resources */ = {isa = PBXBuildFile; fileRef = 48F16E6D25A1B9820036D9A3 /* LaunchScreen.storyboard */; };
		48F16E7925A1BA700036D9A3 /* CateogoryIcon.swift in Sources */ = {isa = PBXBuildFile; fileRef = 48F16E7825A1BA700036D9A3 /* CateogoryIcon.swift */; };
		48F16E7E25A1BB080036D9A3 /* CategoryColor.swift in Sources */ = {isa = PBXBuildFile; fileRef = 48F16E7D25A1BB080036D9A3 /* CategoryColor.swift */; };
		48F16E8625A1C0F60036D9A3 /* Cateogry+CoreDataClass.swift in Sources */ = {isa = PBXBuildFile; fileRef = 48F16E8225A1C0F60036D9A3 /* Cateogry+CoreDataClass.swift */; };
		48F16E9025A1C17D0036D9A3 /* .swiftlint.yml in Resources */ = {isa = PBXBuildFile; fileRef = 48F16E8F25A1C17D0036D9A3 /* .swiftlint.yml */; };
		9410D1EDB164CD3A65EED255 /* NSObject+Extension.swift in Sources */ = {isa = PBXBuildFile; fileRef = 94108A5D89E949EF5BE1585B /* NSObject+Extension.swift */; };
		9411261B594031002E351A1B /* ViewController.swift in Sources */ = {isa = PBXBuildFile; fileRef = 941CBAD7B5107AFAFC76F1BC /* ViewController.swift */; };
		9412028BB7AEE07AE06E31C6 /* HomeListCollectionDataSource.swift in Sources */ = {isa = PBXBuildFile; fileRef = 9415E7001A48C856F9A95406 /* HomeListCollectionDataSource.swift */; };
		941248C51CD116292E26CC03 /* UIImage+Extension.swift in Sources */ = {isa = PBXBuildFile; fileRef = 941D3EAFDAA7CA250A2BDEAE /* UIImage+Extension.swift */; };
		94135EE9B0531B5E70CDA152 /* IndexPath+Extension.swift in Sources */ = {isa = PBXBuildFile; fileRef = 941B968D0B8AD6C59F1062C8 /* IndexPath+Extension.swift */; };
		941448EF5D9A6D02AF98887E /* HomeListTableCell.swift in Sources */ = {isa = PBXBuildFile; fileRef = 9411CB7CB9697AE027E2B7C6 /* HomeListTableCell.swift */; };
		941493FB5BC04197E26E32F1 /* UILabel+Extension.swift in Sources */ = {isa = PBXBuildFile; fileRef = 94184039002576D8181CE1AC /* UILabel+Extension.swift */; };
		9414EAAEA9E936D48BC1B8F3 /* DetailReminderViewModel+CellSelector.swift in Sources */ = {isa = PBXBuildFile; fileRef = 941BADE1DC13C65ABC135CBD /* DetailReminderViewModel+CellSelector.swift */; };
		9416B56D8E816C593EEE722D /* DetailReminderDateCell.swift in Sources */ = {isa = PBXBuildFile; fileRef = 9411C992C0EE5DE9355CD230 /* DetailReminderDateCell.swift */; };
		941795291C999647E82C5008 /* RemindersTableViewCell.swift in Sources */ = {isa = PBXBuildFile; fileRef = 941C49813CCE9DFD00344984 /* RemindersTableViewCell.swift */; };
		941873492E31F71A662CFE70 /* UIColor+Extension.swift in Sources */ = {isa = PBXBuildFile; fileRef = 9412DFC09959A90BBD0B4D1E /* UIColor+Extension.swift */; };
		941878EDFCC1F569F8F626FD /* DetailReminderToggleCell.swift in Sources */ = {isa = PBXBuildFile; fileRef = 94146D40D39BAAAF5F333C9B /* DetailReminderToggleCell.swift */; };
		9418C3A4E9B16DA494AA3FE3 /* HomeListView.swift in Sources */ = {isa = PBXBuildFile; fileRef = 941EAB71B180E244064D93A2 /* HomeListView.swift */; };
		9418D4260F254B9DC4BCB690 /* DetailReminderViewModel.swift in Sources */ = {isa = PBXBuildFile; fileRef = 941A4E0ED4931CB19BB5ED24 /* DetailReminderViewModel.swift */; };
		94193E174454CE6F5B10AB07 /* R.swift in Sources */ = {isa = PBXBuildFile; fileRef = 941C127D23ABF367A1893227 /* R.swift */; };
		941A24EAC4D03053636A56C5 /* PersistentManager.swift in Sources */ = {isa = PBXBuildFile; fileRef = 9413793C8C4BBAA8CE4CF5DA /* PersistentManager.swift */; };
		941A253E96D67C2A0F234861 /* DetailReminderTableView.swift in Sources */ = {isa = PBXBuildFile; fileRef = 941C499E8C8D7BA9C189C32E /* DetailReminderTableView.swift */; };
		941AE8FDA257305A7FC10E97 /* DetailReminderInputCell.swift in Sources */ = {isa = PBXBuildFile; fileRef = 941FAB6A2B397EEC61E43B2A /* DetailReminderInputCell.swift */; };
		941BD1D317995395D0FF6AB8 /* DetailReminderViewController.swift in Sources */ = {isa = PBXBuildFile; fileRef = 9415790D4D72D80DCD360318 /* DetailReminderViewController.swift */; };
		941BD946F6B5FFF77D60CBEE /* HomeListCollectionView.swift in Sources */ = {isa = PBXBuildFile; fileRef = 941B6D2FBB55EA471796B014 /* HomeListCollectionView.swift */; };
		941CC9C852DD3121EE08E5B7 /* HomeListCollectionWrappedCell.swift in Sources */ = {isa = PBXBuildFile; fileRef = 941D8ACD45620457A6F9397F /* HomeListCollectionWrappedCell.swift */; };
		941D07F8ACC45F9A4B836BC0 /* HomeListCollectionViewCell.swift in Sources */ = {isa = PBXBuildFile; fileRef = 9416BEB279191B0F9945B667 /* HomeListCollectionViewCell.swift */; };
		941D31A36A341A1ACE46008A /* DetailReminderViewCellBase.swift in Sources */ = {isa = PBXBuildFile; fileRef = 9412360BD3395F18A3A5286C /* DetailReminderViewCellBase.swift */; };
		941E39095C183085BBBA3EE2 /* UIViewController+Extension.swift in Sources */ = {isa = PBXBuildFile; fileRef = 9413925F34C95BF5178FDFAF /* UIViewController+Extension.swift */; };
		941E890968907B23FB486D38 /* ReminderDetailViewController.swift in Sources */ = {isa = PBXBuildFile; fileRef = 94171246835DBEF0C2FF9505 /* ReminderDetailViewController.swift */; };
		941ECB5B3FB8A69CF1C8AAAB /* MutableCollection+Extension.swift in Sources */ = {isa = PBXBuildFile; fileRef = 9411726E34D33C238037AB6A /* MutableCollection+Extension.swift */; };
		941F0C4757A6E540D13C04A9 /* UIView+Extension.swift in Sources */ = {isa = PBXBuildFile; fileRef = 9413C3F2DF1A52FA608064B5 /* UIView+Extension.swift */; };
/* End PBXBuildFile section */

/* Begin PBXFileReference section */
		4808D8632632A52500DD8D27 /* HomeListTableViewModel.swift */ = {isa = PBXFileReference; fileEncoding = 4; lastKnownFileType = sourcecode.swift; path = HomeListTableViewModel.swift; sourceTree = "<group>"; };
		483E581225B6D3DF004DF782 /* RemindersTableViewModel.swift */ = {isa = PBXFileReference; lastKnownFileType = sourcecode.swift; path = RemindersTableViewModel.swift; sourceTree = "<group>"; };
		487990582628343100C6F416 /* Task+CoreDataClass.swift */ = {isa = PBXFileReference; lastKnownFileType = sourcecode.swift; path = "Task+CoreDataClass.swift"; sourceTree = "<group>"; };
		48F16E5C25A1B9800036D9A3 /* Reminder-Clone.app */ = {isa = PBXFileReference; explicitFileType = wrapper.application; includeInIndex = 0; path = "Reminder-Clone.app"; sourceTree = BUILT_PRODUCTS_DIR; };
		48F16E5F25A1B9800036D9A3 /* AppDelegate.swift */ = {isa = PBXFileReference; lastKnownFileType = sourcecode.swift; path = AppDelegate.swift; sourceTree = "<group>"; };
		48F16E6625A1B9800036D9A3 /* Base */ = {isa = PBXFileReference; lastKnownFileType = file.storyboard; name = Base; path = Base.lproj/Main.storyboard; sourceTree = "<group>"; };
		48F16E6925A1B9800036D9A3 /* Reminder_Clone.xcdatamodel */ = {isa = PBXFileReference; lastKnownFileType = wrapper.xcdatamodel; path = Reminder_Clone.xcdatamodel; sourceTree = "<group>"; };
		48F16E6B25A1B9820036D9A3 /* Assets.xcassets */ = {isa = PBXFileReference; lastKnownFileType = folder.assetcatalog; path = Assets.xcassets; sourceTree = "<group>"; };
		48F16E6E25A1B9820036D9A3 /* Base */ = {isa = PBXFileReference; lastKnownFileType = file.storyboard; name = Base; path = Base.lproj/LaunchScreen.storyboard; sourceTree = "<group>"; };
		48F16E7025A1B9820036D9A3 /* Info.plist */ = {isa = PBXFileReference; lastKnownFileType = text.plist.xml; path = Info.plist; sourceTree = "<group>"; };
		48F16E7825A1BA700036D9A3 /* CateogoryIcon.swift */ = {isa = PBXFileReference; lastKnownFileType = sourcecode.swift; path = CateogoryIcon.swift; sourceTree = "<group>"; };
		48F16E7D25A1BB080036D9A3 /* CategoryColor.swift */ = {isa = PBXFileReference; lastKnownFileType = sourcecode.swift; path = CategoryColor.swift; sourceTree = "<group>"; };
		48F16E8225A1C0F60036D9A3 /* Cateogry+CoreDataClass.swift */ = {isa = PBXFileReference; lastKnownFileType = sourcecode.swift; path = "Cateogry+CoreDataClass.swift"; sourceTree = "<group>"; };
		48F16E8F25A1C17D0036D9A3 /* .swiftlint.yml */ = {isa = PBXFileReference; fileEncoding = 4; lastKnownFileType = text.yaml; path = .swiftlint.yml; sourceTree = "<group>"; };
		94108A5D89E949EF5BE1585B /* NSObject+Extension.swift */ = {isa = PBXFileReference; fileEncoding = 4; lastKnownFileType = sourcecode.swift; path = "NSObject+Extension.swift"; sourceTree = "<group>"; };
		9411726E34D33C238037AB6A /* MutableCollection+Extension.swift */ = {isa = PBXFileReference; fileEncoding = 4; lastKnownFileType = sourcecode.swift; path = "MutableCollection+Extension.swift"; sourceTree = "<group>"; };
		9411C992C0EE5DE9355CD230 /* DetailReminderDateCell.swift */ = {isa = PBXFileReference; fileEncoding = 4; lastKnownFileType = sourcecode.swift; path = DetailReminderDateCell.swift; sourceTree = "<group>"; };
		9411CB7CB9697AE027E2B7C6 /* HomeListTableCell.swift */ = {isa = PBXFileReference; fileEncoding = 4; lastKnownFileType = sourcecode.swift; path = HomeListTableCell.swift; sourceTree = "<group>"; };
		9412360BD3395F18A3A5286C /* DetailReminderViewCellBase.swift */ = {isa = PBXFileReference; fileEncoding = 4; lastKnownFileType = sourcecode.swift; path = DetailReminderViewCellBase.swift; sourceTree = "<group>"; };
		9412DFC09959A90BBD0B4D1E /* UIColor+Extension.swift */ = {isa = PBXFileReference; fileEncoding = 4; lastKnownFileType = sourcecode.swift; path = "UIColor+Extension.swift"; sourceTree = "<group>"; };
		9413793C8C4BBAA8CE4CF5DA /* PersistentManager.swift */ = {isa = PBXFileReference; fileEncoding = 4; lastKnownFileType = sourcecode.swift; path = PersistentManager.swift; sourceTree = "<group>"; };
		9413925F34C95BF5178FDFAF /* UIViewController+Extension.swift */ = {isa = PBXFileReference; fileEncoding = 4; lastKnownFileType = sourcecode.swift; path = "UIViewController+Extension.swift"; sourceTree = "<group>"; };
		9413C3F2DF1A52FA608064B5 /* UIView+Extension.swift */ = {isa = PBXFileReference; fileEncoding = 4; lastKnownFileType = sourcecode.swift; path = "UIView+Extension.swift"; sourceTree = "<group>"; };
		94146D40D39BAAAF5F333C9B /* DetailReminderToggleCell.swift */ = {isa = PBXFileReference; fileEncoding = 4; lastKnownFileType = sourcecode.swift; path = DetailReminderToggleCell.swift; sourceTree = "<group>"; };
		9415790D4D72D80DCD360318 /* DetailReminderViewController.swift */ = {isa = PBXFileReference; fileEncoding = 4; lastKnownFileType = sourcecode.swift; path = DetailReminderViewController.swift; sourceTree = "<group>"; };
		9415E7001A48C856F9A95406 /* HomeListCollectionDataSource.swift */ = {isa = PBXFileReference; fileEncoding = 4; lastKnownFileType = sourcecode.swift; path = HomeListCollectionDataSource.swift; sourceTree = "<group>"; };
		9416BEB279191B0F9945B667 /* HomeListCollectionViewCell.swift */ = {isa = PBXFileReference; fileEncoding = 4; lastKnownFileType = sourcecode.swift; path = HomeListCollectionViewCell.swift; sourceTree = "<group>"; };
		94171246835DBEF0C2FF9505 /* ReminderDetailViewController.swift */ = {isa = PBXFileReference; fileEncoding = 4; lastKnownFileType = sourcecode.swift; path = ReminderDetailViewController.swift; sourceTree = "<group>"; };
		94184039002576D8181CE1AC /* UILabel+Extension.swift */ = {isa = PBXFileReference; fileEncoding = 4; lastKnownFileType = sourcecode.swift; path = "UILabel+Extension.swift"; sourceTree = "<group>"; };
		941A4E0ED4931CB19BB5ED24 /* DetailReminderViewModel.swift */ = {isa = PBXFileReference; fileEncoding = 4; lastKnownFileType = sourcecode.swift; path = DetailReminderViewModel.swift; sourceTree = "<group>"; };
		941B6D2FBB55EA471796B014 /* HomeListCollectionView.swift */ = {isa = PBXFileReference; fileEncoding = 4; lastKnownFileType = sourcecode.swift; path = HomeListCollectionView.swift; sourceTree = "<group>"; };
		941B968D0B8AD6C59F1062C8 /* IndexPath+Extension.swift */ = {isa = PBXFileReference; fileEncoding = 4; lastKnownFileType = sourcecode.swift; path = "IndexPath+Extension.swift"; sourceTree = "<group>"; };
		941BADE1DC13C65ABC135CBD /* DetailReminderViewModel+CellSelector.swift */ = {isa = PBXFileReference; fileEncoding = 4; lastKnownFileType = sourcecode.swift; path = "DetailReminderViewModel+CellSelector.swift"; sourceTree = "<group>"; };
		941C127D23ABF367A1893227 /* R.swift */ = {isa = PBXFileReference; fileEncoding = 4; lastKnownFileType = sourcecode.swift; path = R.swift; sourceTree = "<group>"; };
		941C49813CCE9DFD00344984 /* RemindersTableViewCell.swift */ = {isa = PBXFileReference; fileEncoding = 4; lastKnownFileType = sourcecode.swift; path = RemindersTableViewCell.swift; sourceTree = "<group>"; };
		941C499E8C8D7BA9C189C32E /* DetailReminderTableView.swift */ = {isa = PBXFileReference; fileEncoding = 4; lastKnownFileType = sourcecode.swift; path = DetailReminderTableView.swift; sourceTree = "<group>"; };
		941CBAD7B5107AFAFC76F1BC /* ViewController.swift */ = {isa = PBXFileReference; fileEncoding = 4; lastKnownFileType = sourcecode.swift; path = ViewController.swift; sourceTree = "<group>"; };
		941D3EAFDAA7CA250A2BDEAE /* UIImage+Extension.swift */ = {isa = PBXFileReference; fileEncoding = 4; lastKnownFileType = sourcecode.swift; path = "UIImage+Extension.swift"; sourceTree = "<group>"; };
		941D8ACD45620457A6F9397F /* HomeListCollectionWrappedCell.swift */ = {isa = PBXFileReference; fileEncoding = 4; lastKnownFileType = sourcecode.swift; path = HomeListCollectionWrappedCell.swift; sourceTree = "<group>"; };
		941EAB71B180E244064D93A2 /* HomeListView.swift */ = {isa = PBXFileReference; fileEncoding = 4; lastKnownFileType = sourcecode.swift; path = HomeListView.swift; sourceTree = "<group>"; };
		941FAB6A2B397EEC61E43B2A /* DetailReminderInputCell.swift */ = {isa = PBXFileReference; fileEncoding = 4; lastKnownFileType = sourcecode.swift; path = DetailReminderInputCell.swift; sourceTree = "<group>"; };
/* End PBXFileReference section */

/* Begin PBXFrameworksBuildPhase section */
		48F16E5925A1B9800036D9A3 /* Frameworks */ = {
			isa = PBXFrameworksBuildPhase;
			buildActionMask = 2147483647;
			files = (
			);
			runOnlyForDeploymentPostprocessing = 0;
		};
/* End PBXFrameworksBuildPhase section */

/* Begin PBXGroup section */
		4808D86526333EF900DD8D27 /* ViewModels */ = {
			isa = PBXGroup;
			children = (
				4808D8632632A52500DD8D27 /* HomeListTableViewModel.swift */,
				483E581225B6D3DF004DF782 /* RemindersTableViewModel.swift */,
				9415E7001A48C856F9A95406 /* HomeListCollectionDataSource.swift */,
				941A4E0ED4931CB19BB5ED24 /* DetailReminderViewModel.swift */,
			);
			path = ViewModels;
			sourceTree = "<group>";
		};
		48D90A4C25AFA798008D0006 /* Helpers */ = {
			isa = PBXGroup;
			children = (
				941C127D23ABF367A1893227 /* R.swift */,
				941C476A953CD6D2B6E34574 /* Extensions */,
			);
			path = Helpers;
			sourceTree = "<group>";
		};
		48F16E5325A1B9800036D9A3 = {
			isa = PBXGroup;
			children = (
				48F16E5E25A1B9800036D9A3 /* Reminder-Clone */,
				48F16E5D25A1B9800036D9A3 /* Products */,
			);
			sourceTree = "<group>";
		};
		48F16E5D25A1B9800036D9A3 /* Products */ = {
			isa = PBXGroup;
			children = (
				48F16E5C25A1B9800036D9A3 /* Reminder-Clone.app */,
			);
			name = Products;
			sourceTree = "<group>";
		};
		48F16E5E25A1B9800036D9A3 /* Reminder-Clone */ = {
			isa = PBXGroup;
			children = (
				48F16E8F25A1C17D0036D9A3 /* .swiftlint.yml */,
				94127520BF110D244CE8E382 /* Views */,
				4808D86526333EF900DD8D27 /* ViewModels */,
				48F16E7725A1BA4F0036D9A3 /* Models */,
				48D90A4C25AFA798008D0006 /* Helpers */,
				48F16E5F25A1B9800036D9A3 /* AppDelegate.swift */,
				48F16E6525A1B9800036D9A3 /* Main.storyboard */,
				48F16E6B25A1B9820036D9A3 /* Assets.xcassets */,
				48F16E6D25A1B9820036D9A3 /* LaunchScreen.storyboard */,
				48F16E7025A1B9820036D9A3 /* Info.plist */,
			);
			path = "Reminder-Clone";
			sourceTree = "<group>";
		};
		48F16E7725A1BA4F0036D9A3 /* Models */ = {
			isa = PBXGroup;
			children = (
				487990582628343100C6F416 /* Task+CoreDataClass.swift */,
				48F16E6825A1B9800036D9A3 /* Reminder_Clone.xcdatamodeld */,
				48F16E8225A1C0F60036D9A3 /* Cateogry+CoreDataClass.swift */,
				48F16E7825A1BA700036D9A3 /* CateogoryIcon.swift */,
				48F16E7D25A1BB080036D9A3 /* CategoryColor.swift */,
				9413793C8C4BBAA8CE4CF5DA /* PersistentManager.swift */,
			);
			path = Models;
			sourceTree = "<group>";
		};
		94112D567C1C0ADD47B4AAD8 /* DetailReminder */ = {
			isa = PBXGroup;
			children = (
				94171246835DBEF0C2FF9505 /* ReminderDetailViewController.swift */,
				94146D40D39BAAAF5F333C9B /* DetailReminderToggleCell.swift */,
				9412360BD3395F18A3A5286C /* DetailReminderViewCellBase.swift */,
				9411C992C0EE5DE9355CD230 /* DetailReminderDateCell.swift */,
				941FAB6A2B397EEC61E43B2A /* DetailReminderInputCell.swift */,
				941C499E8C8D7BA9C189C32E /* DetailReminderTableView.swift */,
				941BADE1DC13C65ABC135CBD /* DetailReminderViewModel+CellSelector.swift */,
			);
			path = DetailReminder;
			sourceTree = "<group>";
		};
		94127520BF110D244CE8E382 /* Views */ = {
			isa = PBXGroup;
			children = (
				94112D567C1C0ADD47B4AAD8 /* DetailReminder */,
				941B2B102C064198FB86F4B3 /* Main */,
				9414232E69F9F60F53C06601 /* RemindersTableView */,
			);
			path = Views;
			sourceTree = "<group>";
		};
		9414232E69F9F60F53C06601 /* RemindersTableView */ = {
			isa = PBXGroup;
			children = (
				941C49813CCE9DFD00344984 /* RemindersTableViewCell.swift */,
				9415790D4D72D80DCD360318 /* DetailReminderViewController.swift */,
			);
			path = RemindersTableView;
			sourceTree = "<group>";
		};
		941B2B102C064198FB86F4B3 /* Main */ = {
			isa = PBXGroup;
			children = (
				941CBAD7B5107AFAFC76F1BC /* ViewController.swift */,
				941D8ACD45620457A6F9397F /* HomeListCollectionWrappedCell.swift */,
				941B6D2FBB55EA471796B014 /* HomeListCollectionView.swift */,
				9416BEB279191B0F9945B667 /* HomeListCollectionViewCell.swift */,
				941EAB71B180E244064D93A2 /* HomeListView.swift */,
				9411CB7CB9697AE027E2B7C6 /* HomeListTableCell.swift */,
			);
			path = Main;
			sourceTree = "<group>";
		};
		941C476A953CD6D2B6E34574 /* Extensions */ = {
			isa = PBXGroup;
			children = (
				941B968D0B8AD6C59F1062C8 /* IndexPath+Extension.swift */,
				9411726E34D33C238037AB6A /* MutableCollection+Extension.swift */,
				94108A5D89E949EF5BE1585B /* NSObject+Extension.swift */,
				9412DFC09959A90BBD0B4D1E /* UIColor+Extension.swift */,
				941D3EAFDAA7CA250A2BDEAE /* UIImage+Extension.swift */,
				94184039002576D8181CE1AC /* UILabel+Extension.swift */,
				9413C3F2DF1A52FA608064B5 /* UIView+Extension.swift */,
				9413925F34C95BF5178FDFAF /* UIViewController+Extension.swift */,
			);
			path = Extensions;
			sourceTree = "<group>";
		};
/* End PBXGroup section */

/* Begin PBXNativeTarget section */
		48F16E5B25A1B9800036D9A3 /* Reminder-Clone */ = {
			isa = PBXNativeTarget;
			buildConfigurationList = 48F16E7325A1B9820036D9A3 /* Build configuration list for PBXNativeTarget "Reminder-Clone" */;
			buildPhases = (
				48F16E9225A1C1880036D9A3 /* Swiftlint */,
				48F16E5825A1B9800036D9A3 /* Sources */,
				48F16E5925A1B9800036D9A3 /* Frameworks */,
				48F16E5A25A1B9800036D9A3 /* Resources */,
			);
			buildRules = (
			);
			dependencies = (
			);
			name = "Reminder-Clone";
			productName = "Reminder-Clone";
			productReference = 48F16E5C25A1B9800036D9A3 /* Reminder-Clone.app */;
			productType = "com.apple.product-type.application";
		};
/* End PBXNativeTarget section */

/* Begin PBXProject section */
		48F16E5425A1B9800036D9A3 /* Project object */ = {
			isa = PBXProject;
			attributes = {
				LastSwiftUpdateCheck = 1230;
				LastUpgradeCheck = 1230;
				TargetAttributes = {
					48F16E5B25A1B9800036D9A3 = {
						CreatedOnToolsVersion = 12.3;
					};
				};
			};
			buildConfigurationList = 48F16E5725A1B9800036D9A3 /* Build configuration list for PBXProject "Reminder-Clone" */;
			compatibilityVersion = "Xcode 9.3";
			developmentRegion = en;
			hasScannedForEncodings = 0;
			knownRegions = (
				en,
				Base,
			);
			mainGroup = 48F16E5325A1B9800036D9A3;
			productRefGroup = 48F16E5D25A1B9800036D9A3 /* Products */;
			projectDirPath = "";
			projectRoot = "";
			targets = (
				48F16E5B25A1B9800036D9A3 /* Reminder-Clone */,
			);
		};
/* End PBXProject section */

/* Begin PBXResourcesBuildPhase section */
		48F16E5A25A1B9800036D9A3 /* Resources */ = {
			isa = PBXResourcesBuildPhase;
			buildActionMask = 2147483647;
			files = (
				48F16E9025A1C17D0036D9A3 /* .swiftlint.yml in Resources */,
				48F16E6F25A1B9820036D9A3 /* LaunchScreen.storyboard in Resources */,
				48F16E6C25A1B9820036D9A3 /* Assets.xcassets in Resources */,
				48F16E6725A1B9800036D9A3 /* Main.storyboard in Resources */,
			);
			runOnlyForDeploymentPostprocessing = 0;
		};
/* End PBXResourcesBuildPhase section */

/* Begin PBXShellScriptBuildPhase section */
		48F16E9225A1C1880036D9A3 /* Swiftlint */ = {
			isa = PBXShellScriptBuildPhase;
			buildActionMask = 2147483647;
			files = (
			);
			inputFileListPaths = (
			);
			inputPaths = (
			);
			name = Swiftlint;
			outputFileListPaths = (
			);
			outputPaths = (
			);
			runOnlyForDeploymentPostprocessing = 0;
			shellPath = /bin/sh;
			shellScript = "swiftlint --fix && swiftlint\n";
		};
/* End PBXShellScriptBuildPhase section */

/* Begin PBXSourcesBuildPhase section */
		48F16E5825A1B9800036D9A3 /* Sources */ = {
			isa = PBXSourcesBuildPhase;
			buildActionMask = 2147483647;
			files = (
				48F16E6A25A1B9800036D9A3 /* Reminder_Clone.xcdatamodeld in Sources */,
				48F16E8625A1C0F60036D9A3 /* Cateogry+CoreDataClass.swift in Sources */,
				48F16E6025A1B9800036D9A3 /* AppDelegate.swift in Sources */,
				483E581325B6D3DF004DF782 /* RemindersTableViewModel.swift in Sources */,
				48F16E7E25A1BB080036D9A3 /* CategoryColor.swift in Sources */,
				48F16E7925A1BA700036D9A3 /* CateogoryIcon.swift in Sources */,
				9412028BB7AEE07AE06E31C6 /* HomeListCollectionDataSource.swift in Sources */,
				4879905A2628343100C6F416 /* Task+CoreDataClass.swift in Sources */,
				94193E174454CE6F5B10AB07 /* R.swift in Sources */,
				9418D4260F254B9DC4BCB690 /* DetailReminderViewModel.swift in Sources */,
				4808D8642632A52500DD8D27 /* HomeListTableViewModel.swift in Sources */,
				941A24EAC4D03053636A56C5 /* PersistentManager.swift in Sources */,
				941E890968907B23FB486D38 /* ReminderDetailViewController.swift in Sources */,
				94135EE9B0531B5E70CDA152 /* IndexPath+Extension.swift in Sources */,
				941ECB5B3FB8A69CF1C8AAAB /* MutableCollection+Extension.swift in Sources */,
				9410D1EDB164CD3A65EED255 /* NSObject+Extension.swift in Sources */,
				941873492E31F71A662CFE70 /* UIColor+Extension.swift in Sources */,
				941248C51CD116292E26CC03 /* UIImage+Extension.swift in Sources */,
				941493FB5BC04197E26E32F1 /* UILabel+Extension.swift in Sources */,
				941F0C4757A6E540D13C04A9 /* UIView+Extension.swift in Sources */,
				941E39095C183085BBBA3EE2 /* UIViewController+Extension.swift in Sources */,
				9411261B594031002E351A1B /* ViewController.swift in Sources */,
				941CC9C852DD3121EE08E5B7 /* HomeListCollectionWrappedCell.swift in Sources */,
				941BD946F6B5FFF77D60CBEE /* HomeListCollectionView.swift in Sources */,
				941D07F8ACC45F9A4B836BC0 /* HomeListCollectionViewCell.swift in Sources */,
				9418C3A4E9B16DA494AA3FE3 /* HomeListView.swift in Sources */,
				941448EF5D9A6D02AF98887E /* HomeListTableCell.swift in Sources */,
				941795291C999647E82C5008 /* RemindersTableViewCell.swift in Sources */,
				941BD1D317995395D0FF6AB8 /* DetailReminderViewController.swift in Sources */,
				941878EDFCC1F569F8F626FD /* DetailReminderToggleCell.swift in Sources */,
				941D31A36A341A1ACE46008A /* DetailReminderViewCellBase.swift in Sources */,
				9416B56D8E816C593EEE722D /* DetailReminderDateCell.swift in Sources */,
				941AE8FDA257305A7FC10E97 /* DetailReminderInputCell.swift in Sources */,
				941A253E96D67C2A0F234861 /* DetailReminderTableView.swift in Sources */,
				9414EAAEA9E936D48BC1B8F3 /* DetailReminderViewModel+CellSelector.swift in Sources */,
			);
			runOnlyForDeploymentPostprocessing = 0;
		};
/* End PBXSourcesBuildPhase section */

/* Begin PBXVariantGroup section */
		48F16E6525A1B9800036D9A3 /* Main.storyboard */ = {
			isa = PBXVariantGroup;
			children = (
				48F16E6625A1B9800036D9A3 /* Base */,
			);
			name = Main.storyboard;
			sourceTree = "<group>";
		};
		48F16E6D25A1B9820036D9A3 /* LaunchScreen.storyboard */ = {
			isa = PBXVariantGroup;
			children = (
				48F16E6E25A1B9820036D9A3 /* Base */,
			);
			name = LaunchScreen.storyboard;
			sourceTree = "<group>";
		};
/* End PBXVariantGroup section */

/* Begin XCBuildConfiguration section */
		48F16E7125A1B9820036D9A3 /* Debug */ = {
			isa = XCBuildConfiguration;
			buildSettings = {
				ALWAYS_SEARCH_USER_PATHS = NO;
				CLANG_ANALYZER_NONNULL = YES;
				CLANG_ANALYZER_NUMBER_OBJECT_CONVERSION = YES_AGGRESSIVE;
				CLANG_CXX_LANGUAGE_STANDARD = "gnu++14";
				CLANG_CXX_LIBRARY = "libc++";
				CLANG_ENABLE_MODULES = YES;
				CLANG_ENABLE_OBJC_ARC = YES;
				CLANG_ENABLE_OBJC_WEAK = YES;
				CLANG_WARN_BLOCK_CAPTURE_AUTORELEASING = YES;
				CLANG_WARN_BOOL_CONVERSION = YES;
				CLANG_WARN_COMMA = YES;
				CLANG_WARN_CONSTANT_CONVERSION = YES;
				CLANG_WARN_DEPRECATED_OBJC_IMPLEMENTATIONS = YES;
				CLANG_WARN_DIRECT_OBJC_ISA_USAGE = YES_ERROR;
				CLANG_WARN_DOCUMENTATION_COMMENTS = YES;
				CLANG_WARN_EMPTY_BODY = YES;
				CLANG_WARN_ENUM_CONVERSION = YES;
				CLANG_WARN_INFINITE_RECURSION = YES;
				CLANG_WARN_INT_CONVERSION = YES;
				CLANG_WARN_NON_LITERAL_NULL_CONVERSION = YES;
				CLANG_WARN_OBJC_IMPLICIT_RETAIN_SELF = YES;
				CLANG_WARN_OBJC_LITERAL_CONVERSION = YES;
				CLANG_WARN_OBJC_ROOT_CLASS = YES_ERROR;
				CLANG_WARN_QUOTED_INCLUDE_IN_FRAMEWORK_HEADER = YES;
				CLANG_WARN_RANGE_LOOP_ANALYSIS = YES;
				CLANG_WARN_STRICT_PROTOTYPES = YES;
				CLANG_WARN_SUSPICIOUS_MOVE = YES;
				CLANG_WARN_UNGUARDED_AVAILABILITY = YES_AGGRESSIVE;
				CLANG_WARN_UNREACHABLE_CODE = YES;
				CLANG_WARN__DUPLICATE_METHOD_MATCH = YES;
				COPY_PHASE_STRIP = NO;
				DEBUG_INFORMATION_FORMAT = dwarf;
				ENABLE_STRICT_OBJC_MSGSEND = YES;
				ENABLE_TESTABILITY = YES;
				GCC_C_LANGUAGE_STANDARD = gnu11;
				GCC_DYNAMIC_NO_PIC = NO;
				GCC_NO_COMMON_BLOCKS = YES;
				GCC_OPTIMIZATION_LEVEL = 0;
				GCC_PREPROCESSOR_DEFINITIONS = (
					"DEBUG=1",
					"$(inherited)",
				);
				GCC_WARN_64_TO_32_BIT_CONVERSION = YES;
				GCC_WARN_ABOUT_RETURN_TYPE = YES_ERROR;
				GCC_WARN_UNDECLARED_SELECTOR = YES;
				GCC_WARN_UNINITIALIZED_AUTOS = YES_AGGRESSIVE;
				GCC_WARN_UNUSED_FUNCTION = YES;
				GCC_WARN_UNUSED_VARIABLE = YES;
				IPHONEOS_DEPLOYMENT_TARGET = 11.0;
				MTL_ENABLE_DEBUG_INFO = INCLUDE_SOURCE;
				MTL_FAST_MATH = YES;
				ONLY_ACTIVE_ARCH = YES;
				SDKROOT = iphoneos;
				SWIFT_ACTIVE_COMPILATION_CONDITIONS = DEBUG;
				SWIFT_OPTIMIZATION_LEVEL = "-Onone";
			};
			name = Debug;
		};
		48F16E7225A1B9820036D9A3 /* Release */ = {
			isa = XCBuildConfiguration;
			buildSettings = {
				ALWAYS_SEARCH_USER_PATHS = NO;
				CLANG_ANALYZER_NONNULL = YES;
				CLANG_ANALYZER_NUMBER_OBJECT_CONVERSION = YES_AGGRESSIVE;
				CLANG_CXX_LANGUAGE_STANDARD = "gnu++14";
				CLANG_CXX_LIBRARY = "libc++";
				CLANG_ENABLE_MODULES = YES;
				CLANG_ENABLE_OBJC_ARC = YES;
				CLANG_ENABLE_OBJC_WEAK = YES;
				CLANG_WARN_BLOCK_CAPTURE_AUTORELEASING = YES;
				CLANG_WARN_BOOL_CONVERSION = YES;
				CLANG_WARN_COMMA = YES;
				CLANG_WARN_CONSTANT_CONVERSION = YES;
				CLANG_WARN_DEPRECATED_OBJC_IMPLEMENTATIONS = YES;
				CLANG_WARN_DIRECT_OBJC_ISA_USAGE = YES_ERROR;
				CLANG_WARN_DOCUMENTATION_COMMENTS = YES;
				CLANG_WARN_EMPTY_BODY = YES;
				CLANG_WARN_ENUM_CONVERSION = YES;
				CLANG_WARN_INFINITE_RECURSION = YES;
				CLANG_WARN_INT_CONVERSION = YES;
				CLANG_WARN_NON_LITERAL_NULL_CONVERSION = YES;
				CLANG_WARN_OBJC_IMPLICIT_RETAIN_SELF = YES;
				CLANG_WARN_OBJC_LITERAL_CONVERSION = YES;
				CLANG_WARN_OBJC_ROOT_CLASS = YES_ERROR;
				CLANG_WARN_QUOTED_INCLUDE_IN_FRAMEWORK_HEADER = YES;
				CLANG_WARN_RANGE_LOOP_ANALYSIS = YES;
				CLANG_WARN_STRICT_PROTOTYPES = YES;
				CLANG_WARN_SUSPICIOUS_MOVE = YES;
				CLANG_WARN_UNGUARDED_AVAILABILITY = YES_AGGRESSIVE;
				CLANG_WARN_UNREACHABLE_CODE = YES;
				CLANG_WARN__DUPLICATE_METHOD_MATCH = YES;
				COPY_PHASE_STRIP = NO;
				DEBUG_INFORMATION_FORMAT = "dwarf-with-dsym";
				ENABLE_NS_ASSERTIONS = NO;
				ENABLE_STRICT_OBJC_MSGSEND = YES;
				GCC_C_LANGUAGE_STANDARD = gnu11;
				GCC_NO_COMMON_BLOCKS = YES;
				GCC_WARN_64_TO_32_BIT_CONVERSION = YES;
				GCC_WARN_ABOUT_RETURN_TYPE = YES_ERROR;
				GCC_WARN_UNDECLARED_SELECTOR = YES;
				GCC_WARN_UNINITIALIZED_AUTOS = YES_AGGRESSIVE;
				GCC_WARN_UNUSED_FUNCTION = YES;
				GCC_WARN_UNUSED_VARIABLE = YES;
				IPHONEOS_DEPLOYMENT_TARGET = 11.0;
				MTL_ENABLE_DEBUG_INFO = NO;
				MTL_FAST_MATH = YES;
				SDKROOT = iphoneos;
				SWIFT_COMPILATION_MODE = wholemodule;
				SWIFT_OPTIMIZATION_LEVEL = "-O";
				VALIDATE_PRODUCT = YES;
			};
			name = Release;
		};
		48F16E7425A1B9820036D9A3 /* Debug */ = {
			isa = XCBuildConfiguration;
			buildSettings = {
				ASSETCATALOG_COMPILER_APPICON_NAME = AppIcon;
				ASSETCATALOG_COMPILER_GLOBAL_ACCENT_COLOR_NAME = AccentColor;
				CODE_SIGN_STYLE = Automatic;
				DEVELOPMENT_TEAM = 78X32W2D44;
				INFOPLIST_FILE = "Reminder-Clone/Info.plist";
				IPHONEOS_DEPLOYMENT_TARGET = 11.0;
				LD_RUNPATH_SEARCH_PATHS = (
					"$(inherited)",
					"@executable_path/Frameworks",
				);
				"OTHER_LDFLAGS[sdk=iphonesimulator*]" = (
					"-Xlinker",
					"-interposable",
				);
				PRODUCT_BUNDLE_IDENTIFIER = "dev.sonjk.Reminder-Clone";
				PRODUCT_NAME = "$(TARGET_NAME)";
				SWIFT_VERSION = 5.0;
				TARGETED_DEVICE_FAMILY = 1;
			};
			name = Debug;
		};
		48F16E7525A1B9820036D9A3 /* Release */ = {
			isa = XCBuildConfiguration;
			buildSettings = {
				ASSETCATALOG_COMPILER_APPICON_NAME = AppIcon;
				ASSETCATALOG_COMPILER_GLOBAL_ACCENT_COLOR_NAME = AccentColor;
				CODE_SIGN_STYLE = Automatic;
				DEVELOPMENT_TEAM = 78X32W2D44;
				INFOPLIST_FILE = "Reminder-Clone/Info.plist";
				IPHONEOS_DEPLOYMENT_TARGET = 11.0;
				LD_RUNPATH_SEARCH_PATHS = (
					"$(inherited)",
					"@executable_path/Frameworks",
				);
				PRODUCT_BUNDLE_IDENTIFIER = "dev.sonjk.Reminder-Clone";
				PRODUCT_NAME = "$(TARGET_NAME)";
				SWIFT_VERSION = 5.0;
				TARGETED_DEVICE_FAMILY = 1;
			};
			name = Release;
		};
/* End XCBuildConfiguration section */

/* Begin XCConfigurationList section */
		48F16E5725A1B9800036D9A3 /* Build configuration list for PBXProject "Reminder-Clone" */ = {
			isa = XCConfigurationList;
			buildConfigurations = (
				48F16E7125A1B9820036D9A3 /* Debug */,
				48F16E7225A1B9820036D9A3 /* Release */,
			);
			defaultConfigurationIsVisible = 0;
			defaultConfigurationName = Release;
		};
		48F16E7325A1B9820036D9A3 /* Build configuration list for PBXNativeTarget "Reminder-Clone" */ = {
			isa = XCConfigurationList;
			buildConfigurations = (
				48F16E7425A1B9820036D9A3 /* Debug */,
				48F16E7525A1B9820036D9A3 /* Release */,
			);
			defaultConfigurationIsVisible = 0;
			defaultConfigurationName = Release;
		};
/* End XCConfigurationList section */

/* Begin XCVersionGroup section */
		48F16E6825A1B9800036D9A3 /* Reminder_Clone.xcdatamodeld */ = {
			isa = XCVersionGroup;
			children = (
				48F16E6925A1B9800036D9A3 /* Reminder_Clone.xcdatamodel */,
			);
			currentVersion = 48F16E6925A1B9800036D9A3 /* Reminder_Clone.xcdatamodel */;
			path = Reminder_Clone.xcdatamodeld;
			sourceTree = "<group>";
			versionGroupType = wrapper.xcdatamodel;
		};
/* End XCVersionGroup section */
	};
	rootObject = 48F16E5425A1B9800036D9A3 /* Project object */;
}
