// !$*UTF8*$!
{
	archiveVersion = 1;
	classes = {
	};
	objectVersion = 50;
	objects = {

/* Begin PBXBuildFile section */
		4846E3B925A5A306005F6383 /* UIColor+Extension.swift in Sources */ = {isa = PBXBuildFile; fileRef = 4846E3B825A5A306005F6383 /* UIColor+Extension.swift */; };
		488FD90125ABC2B600318C93 /* HomeListCollectionViewCell.swift in Sources */ = {isa = PBXBuildFile; fileRef = 941254E79B7E40666A4ECD38 /* HomeListCollectionViewCell.swift */; };
		488FD90325ABC2E500318C93 /* HomeListView.swift in Sources */ = {isa = PBXBuildFile; fileRef = 48DCE90D25AA8B9000178790 /* HomeListView.swift */; };
		48F16E6025A1B9800036D9A3 /* AppDelegate.swift in Sources */ = {isa = PBXBuildFile; fileRef = 48F16E5F25A1B9800036D9A3 /* AppDelegate.swift */; };
		48F16E6425A1B9800036D9A3 /* ViewController.swift in Sources */ = {isa = PBXBuildFile; fileRef = 48F16E6325A1B9800036D9A3 /* ViewController.swift */; };
		48F16E6725A1B9800036D9A3 /* Main.storyboard in Resources */ = {isa = PBXBuildFile; fileRef = 48F16E6525A1B9800036D9A3 /* Main.storyboard */; };
		48F16E6A25A1B9800036D9A3 /* Reminder_Clone.xcdatamodeld in Sources */ = {isa = PBXBuildFile; fileRef = 48F16E6825A1B9800036D9A3 /* Reminder_Clone.xcdatamodeld */; };
		48F16E6C25A1B9820036D9A3 /* Assets.xcassets in Resources */ = {isa = PBXBuildFile; fileRef = 48F16E6B25A1B9820036D9A3 /* Assets.xcassets */; };
		48F16E6F25A1B9820036D9A3 /* LaunchScreen.storyboard in Resources */ = {isa = PBXBuildFile; fileRef = 48F16E6D25A1B9820036D9A3 /* LaunchScreen.storyboard */; };
		48F16E7925A1BA700036D9A3 /* CateogoryIcon.swift in Sources */ = {isa = PBXBuildFile; fileRef = 48F16E7825A1BA700036D9A3 /* CateogoryIcon.swift */; };
		48F16E7E25A1BB080036D9A3 /* CategoryColor.swift in Sources */ = {isa = PBXBuildFile; fileRef = 48F16E7D25A1BB080036D9A3 /* CategoryColor.swift */; };
		48F16E8425A1C0F60036D9A3 /* Task+CoreDataClass.swift in Sources */ = {isa = PBXBuildFile; fileRef = 48F16E8025A1C0F60036D9A3 /* Task+CoreDataClass.swift */; };
		48F16E8625A1C0F60036D9A3 /* Cateogry+CoreDataClass.swift in Sources */ = {isa = PBXBuildFile; fileRef = 48F16E8225A1C0F60036D9A3 /* Cateogry+CoreDataClass.swift */; };
		48F16E9025A1C17D0036D9A3 /* .swiftlint.yml in Resources */ = {isa = PBXBuildFile; fileRef = 48F16E8F25A1C17D0036D9A3 /* .swiftlint.yml */; };
		94109973787358C591BBA337 /* UIView+Extension.swift in Sources */ = {isa = PBXBuildFile; fileRef = 941063E36AD2F08ECD7D471B /* UIView+Extension.swift */; };
		9412028BB7AEE07AE06E31C6 /* HomeListCollectionDataSource.swift in Sources */ = {isa = PBXBuildFile; fileRef = 9415E7001A48C856F9A95406 /* HomeListCollectionDataSource.swift */; };
		94182E2ED5BD23355894F3B0 /* HomeListCollectionView.swift in Sources */ = {isa = PBXBuildFile; fileRef = 9411A8F49EB3F4BC34B211AE /* HomeListCollectionView.swift */; };
		94193E174454CE6F5B10AB07 /* R.swift in Sources */ = {isa = PBXBuildFile; fileRef = 941C127D23ABF367A1893227 /* R.swift */; };
/* End PBXBuildFile section */

/* Begin PBXFileReference section */
		4846E3B825A5A306005F6383 /* UIColor+Extension.swift */ = {isa = PBXFileReference; lastKnownFileType = sourcecode.swift; path = "UIColor+Extension.swift"; sourceTree = "<group>"; };
		48DCE90D25AA8B9000178790 /* HomeListView.swift */ = {isa = PBXFileReference; lastKnownFileType = sourcecode.swift; path = HomeListView.swift; sourceTree = "<group>"; };
		48F16E5C25A1B9800036D9A3 /* Reminder-Clone.app */ = {isa = PBXFileReference; explicitFileType = wrapper.application; includeInIndex = 0; path = "Reminder-Clone.app"; sourceTree = BUILT_PRODUCTS_DIR; };
		48F16E5F25A1B9800036D9A3 /* AppDelegate.swift */ = {isa = PBXFileReference; lastKnownFileType = sourcecode.swift; path = AppDelegate.swift; sourceTree = "<group>"; };
		48F16E6325A1B9800036D9A3 /* ViewController.swift */ = {isa = PBXFileReference; lastKnownFileType = sourcecode.swift; path = ViewController.swift; sourceTree = "<group>"; };
		48F16E6625A1B9800036D9A3 /* Base */ = {isa = PBXFileReference; lastKnownFileType = file.storyboard; name = Base; path = Base.lproj/Main.storyboard; sourceTree = "<group>"; };
		48F16E6925A1B9800036D9A3 /* Reminder_Clone.xcdatamodel */ = {isa = PBXFileReference; lastKnownFileType = wrapper.xcdatamodel; path = Reminder_Clone.xcdatamodel; sourceTree = "<group>"; };
		48F16E6B25A1B9820036D9A3 /* Assets.xcassets */ = {isa = PBXFileReference; lastKnownFileType = folder.assetcatalog; path = Assets.xcassets; sourceTree = "<group>"; };
		48F16E6E25A1B9820036D9A3 /* Base */ = {isa = PBXFileReference; lastKnownFileType = file.storyboard; name = Base; path = Base.lproj/LaunchScreen.storyboard; sourceTree = "<group>"; };
		48F16E7025A1B9820036D9A3 /* Info.plist */ = {isa = PBXFileReference; lastKnownFileType = text.plist.xml; path = Info.plist; sourceTree = "<group>"; };
		48F16E7825A1BA700036D9A3 /* CateogoryIcon.swift */ = {isa = PBXFileReference; lastKnownFileType = sourcecode.swift; path = CateogoryIcon.swift; sourceTree = "<group>"; };
		48F16E7D25A1BB080036D9A3 /* CategoryColor.swift */ = {isa = PBXFileReference; lastKnownFileType = sourcecode.swift; path = CategoryColor.swift; sourceTree = "<group>"; };
		48F16E8025A1C0F60036D9A3 /* Task+CoreDataClass.swift */ = {isa = PBXFileReference; lastKnownFileType = sourcecode.swift; path = "Task+CoreDataClass.swift"; sourceTree = "<group>"; };
		48F16E8225A1C0F60036D9A3 /* Cateogry+CoreDataClass.swift */ = {isa = PBXFileReference; lastKnownFileType = sourcecode.swift; path = "Cateogry+CoreDataClass.swift"; sourceTree = "<group>"; };
		48F16E8F25A1C17D0036D9A3 /* .swiftlint.yml */ = {isa = PBXFileReference; fileEncoding = 4; lastKnownFileType = text.yaml; path = .swiftlint.yml; sourceTree = "<group>"; };
		941063E36AD2F08ECD7D471B /* UIView+Extension.swift */ = {isa = PBXFileReference; fileEncoding = 4; lastKnownFileType = sourcecode.swift; path = "UIView+Extension.swift"; sourceTree = "<group>"; };
		9411A8F49EB3F4BC34B211AE /* HomeListCollectionView.swift */ = {isa = PBXFileReference; fileEncoding = 4; lastKnownFileType = sourcecode.swift; path = HomeListCollectionView.swift; sourceTree = "<group>"; };
		9411ED48508C7FCFECA4EA40 /* HomeTableList.swift */ = {isa = PBXFileReference; fileEncoding = 4; lastKnownFileType = sourcecode.swift; path = HomeTableList.swift; sourceTree = "<group>"; };
		941254E79B7E40666A4ECD38 /* HomeListCollectionViewCell.swift */ = {isa = PBXFileReference; fileEncoding = 4; lastKnownFileType = sourcecode.swift; path = HomeListCollectionViewCell.swift; sourceTree = "<group>"; };
		9415E7001A48C856F9A95406 /* HomeListCollectionDataSource.swift */ = {isa = PBXFileReference; fileEncoding = 4; lastKnownFileType = sourcecode.swift; path = HomeListCollectionDataSource.swift; sourceTree = "<group>"; };
		941C127D23ABF367A1893227 /* R.swift */ = {isa = PBXFileReference; fileEncoding = 4; lastKnownFileType = sourcecode.swift; path = R.swift; sourceTree = "<group>"; };
/* End PBXFileReference section */

/* Begin PBXFrameworksBuildPhase section */
		48F16E5925A1B9800036D9A3 /* Frameworks */ = {
			isa = PBXFrameworksBuildPhase;
			buildActionMask = 2147483647;
			files = (
			);
			runOnlyForDeploymentPostprocessing = 0;
		};
/* End PBXFrameworksBuildPhase section */

/* Begin PBXGroup section */
		48D90A4C25AFA798008D0006 /* Extension */ = {
			isa = PBXGroup;
			children = (
				941C127D23ABF367A1893227 /* R.swift */,
				4846E3B825A5A306005F6383 /* UIColor+Extension.swift */,
				941063E36AD2F08ECD7D471B /* UIView+Extension.swift */,
			);
			path = Extension;
			sourceTree = "<group>";
		};
		48F16E5325A1B9800036D9A3 = {
			isa = PBXGroup;
			children = (
				48F16E5E25A1B9800036D9A3 /* Reminder-Clone */,
				48F16E5D25A1B9800036D9A3 /* Products */,
			);
			sourceTree = "<group>";
		};
		48F16E5D25A1B9800036D9A3 /* Products */ = {
			isa = PBXGroup;
			children = (
				48F16E5C25A1B9800036D9A3 /* Reminder-Clone.app */,
			);
			name = Products;
			sourceTree = "<group>";
		};
		48F16E5E25A1B9800036D9A3 /* Reminder-Clone */ = {
			isa = PBXGroup;
			children = (
				48F16E8F25A1C17D0036D9A3 /* .swiftlint.yml */,
				48DCE90D25AA8B9000178790 /* HomeListView.swift */,
				48D90A4C25AFA798008D0006 /* Extension */,
				48F16E7725A1BA4F0036D9A3 /* Model */,
				48F16E5F25A1B9800036D9A3 /* AppDelegate.swift */,
				48F16E6325A1B9800036D9A3 /* ViewController.swift */,
				48F16E6525A1B9800036D9A3 /* Main.storyboard */,
				48F16E6B25A1B9820036D9A3 /* Assets.xcassets */,
				48F16E6D25A1B9820036D9A3 /* LaunchScreen.storyboard */,
				48F16E7025A1B9820036D9A3 /* Info.plist */,
				941254E79B7E40666A4ECD38 /* HomeListCollectionViewCell.swift */,
				9415E7001A48C856F9A95406 /* HomeListCollectionDataSource.swift */,
				9411A8F49EB3F4BC34B211AE /* HomeListCollectionView.swift */,
				9411ED48508C7FCFECA4EA40 /* HomeTableList.swift */,
			);
			path = "Reminder-Clone";
			sourceTree = "<group>";
		};
		48F16E7725A1BA4F0036D9A3 /* Model */ = {
			isa = PBXGroup;
			children = (
				48F16E6825A1B9800036D9A3 /* Reminder_Clone.xcdatamodeld */,
				48F16E8025A1C0F60036D9A3 /* Task+CoreDataClass.swift */,
				48F16E8225A1C0F60036D9A3 /* Cateogry+CoreDataClass.swift */,
				48F16E7825A1BA700036D9A3 /* CateogoryIcon.swift */,
				48F16E7D25A1BB080036D9A3 /* CategoryColor.swift */,
			);
			path = Model;
			sourceTree = "<group>";
		};
/* End PBXGroup section */

/* Begin PBXNativeTarget section */
		48F16E5B25A1B9800036D9A3 /* Reminder-Clone */ = {
			isa = PBXNativeTarget;
			buildConfigurationList = 48F16E7325A1B9820036D9A3 /* Build configuration list for PBXNativeTarget "Reminder-Clone" */;
			buildPhases = (
				48F16E9225A1C1880036D9A3 /* Swiftlint */,
				48F16E5825A1B9800036D9A3 /* Sources */,
				48F16E5925A1B9800036D9A3 /* Frameworks */,
				48F16E5A25A1B9800036D9A3 /* Resources */,
			);
			buildRules = (
			);
			dependencies = (
			);
			name = "Reminder-Clone";
			productName = "Reminder-Clone";
			productReference = 48F16E5C25A1B9800036D9A3 /* Reminder-Clone.app */;
			productType = "com.apple.product-type.application";
		};
/* End PBXNativeTarget section */

/* Begin PBXProject section */
		48F16E5425A1B9800036D9A3 /* Project object */ = {
			isa = PBXProject;
			attributes = {
				LastSwiftUpdateCheck = 1230;
				LastUpgradeCheck = 1230;
				TargetAttributes = {
					48F16E5B25A1B9800036D9A3 = {
						CreatedOnToolsVersion = 12.3;
					};
				};
			};
			buildConfigurationList = 48F16E5725A1B9800036D9A3 /* Build configuration list for PBXProject "Reminder-Clone" */;
			compatibilityVersion = "Xcode 9.3";
			developmentRegion = en;
			hasScannedForEncodings = 0;
			knownRegions = (
				en,
				Base,
			);
			mainGroup = 48F16E5325A1B9800036D9A3;
			productRefGroup = 48F16E5D25A1B9800036D9A3 /* Products */;
			projectDirPath = "";
			projectRoot = "";
			targets = (
				48F16E5B25A1B9800036D9A3 /* Reminder-Clone */,
			);
		};
/* End PBXProject section */

/* Begin PBXResourcesBuildPhase section */
		48F16E5A25A1B9800036D9A3 /* Resources */ = {
			isa = PBXResourcesBuildPhase;
			buildActionMask = 2147483647;
			files = (
				48F16E9025A1C17D0036D9A3 /* .swiftlint.yml in Resources */,
				48F16E6F25A1B9820036D9A3 /* LaunchScreen.storyboard in Resources */,
				48F16E6C25A1B9820036D9A3 /* Assets.xcassets in Resources */,
				48F16E6725A1B9800036D9A3 /* Main.storyboard in Resources */,
			);
			runOnlyForDeploymentPostprocessing = 0;
		};
/* End PBXResourcesBuildPhase section */

/* Begin PBXShellScriptBuildPhase section */
		48F16E9225A1C1880036D9A3 /* Swiftlint */ = {
			isa = PBXShellScriptBuildPhase;
			buildActionMask = 2147483647;
			files = (
			);
			inputFileListPaths = (
			);
			inputPaths = (
			);
			name = Swiftlint;
			outputFileListPaths = (
			);
			outputPaths = (
			);
			runOnlyForDeploymentPostprocessing = 0;
			shellPath = /bin/sh;
			shellScript = "swiftlint autocorrect && swiftlint\n";
		};
/* End PBXShellScriptBuildPhase section */

/* Begin PBXSourcesBuildPhase section */
		48F16E5825A1B9800036D9A3 /* Sources */ = {
			isa = PBXSourcesBuildPhase;
			buildActionMask = 2147483647;
			files = (
				48F16E6425A1B9800036D9A3 /* ViewController.swift in Sources */,
				488FD90325ABC2E500318C93 /* HomeListView.swift in Sources */,
				48F16E6A25A1B9800036D9A3 /* Reminder_Clone.xcdatamodeld in Sources */,
				48F16E8625A1C0F60036D9A3 /* Cateogry+CoreDataClass.swift in Sources */,
				48F16E8425A1C0F60036D9A3 /* Task+CoreDataClass.swift in Sources */,
				48F16E6025A1B9800036D9A3 /* AppDelegate.swift in Sources */,
				48F9FBF425AD00AC00EAA68A /* HomeTableList.swift in Sources */,
				488FD90125ABC2B600318C93 /* HomeListCollectionViewCell.swift in Sources */,
				48F16E7E25A1BB080036D9A3 /* CategoryColor.swift in Sources */,
				48F16E7925A1BA700036D9A3 /* CateogoryIcon.swift in Sources */,
				4846E3B925A5A306005F6383 /* UIColor+Extension.swift in Sources */,
				9412028BB7AEE07AE06E31C6 /* HomeListCollectionDataSource.swift in Sources */,
				94182E2ED5BD23355894F3B0 /* HomeListCollectionView.swift in Sources */,
				94193E174454CE6F5B10AB07 /* R.swift in Sources */,
				94109973787358C591BBA337 /* UIView+Extension.swift in Sources */,
			);
			runOnlyForDeploymentPostprocessing = 0;
		};
/* End PBXSourcesBuildPhase section */

/* Begin PBXVariantGroup section */
		48F16E6525A1B9800036D9A3 /* Main.storyboard */ = {
			isa = PBXVariantGroup;
			children = (
				48F16E6625A1B9800036D9A3 /* Base */,
			);
			name = Main.storyboard;
			sourceTree = "<group>";
		};
		48F16E6D25A1B9820036D9A3 /* LaunchScreen.storyboard */ = {
			isa = PBXVariantGroup;
			children = (
				48F16E6E25A1B9820036D9A3 /* Base */,
			);
			name = LaunchScreen.storyboard;
			sourceTree = "<group>";
		};
/* End PBXVariantGroup section */

/* Begin XCBuildConfiguration section */
		48F16E7125A1B9820036D9A3 /* Debug */ = {
			isa = XCBuildConfiguration;
			buildSettings = {
				ALWAYS_SEARCH_USER_PATHS = NO;
				CLANG_ANALYZER_NONNULL = YES;
				CLANG_ANALYZER_NUMBER_OBJECT_CONVERSION = YES_AGGRESSIVE;
				CLANG_CXX_LANGUAGE_STANDARD = "gnu++14";
				CLANG_CXX_LIBRARY = "libc++";
				CLANG_ENABLE_MODULES = YES;
				CLANG_ENABLE_OBJC_ARC = YES;
				CLANG_ENABLE_OBJC_WEAK = YES;
				CLANG_WARN_BLOCK_CAPTURE_AUTORELEASING = YES;
				CLANG_WARN_BOOL_CONVERSION = YES;
				CLANG_WARN_COMMA = YES;
				CLANG_WARN_CONSTANT_CONVERSION = YES;
				CLANG_WARN_DEPRECATED_OBJC_IMPLEMENTATIONS = YES;
				CLANG_WARN_DIRECT_OBJC_ISA_USAGE = YES_ERROR;
				CLANG_WARN_DOCUMENTATION_COMMENTS = YES;
				CLANG_WARN_EMPTY_BODY = YES;
				CLANG_WARN_ENUM_CONVERSION = YES;
				CLANG_WARN_INFINITE_RECURSION = YES;
				CLANG_WARN_INT_CONVERSION = YES;
				CLANG_WARN_NON_LITERAL_NULL_CONVERSION = YES;
				CLANG_WARN_OBJC_IMPLICIT_RETAIN_SELF = YES;
				CLANG_WARN_OBJC_LITERAL_CONVERSION = YES;
				CLANG_WARN_OBJC_ROOT_CLASS = YES_ERROR;
				CLANG_WARN_QUOTED_INCLUDE_IN_FRAMEWORK_HEADER = YES;
				CLANG_WARN_RANGE_LOOP_ANALYSIS = YES;
				CLANG_WARN_STRICT_PROTOTYPES = YES;
				CLANG_WARN_SUSPICIOUS_MOVE = YES;
				CLANG_WARN_UNGUARDED_AVAILABILITY = YES_AGGRESSIVE;
				CLANG_WARN_UNREACHABLE_CODE = YES;
				CLANG_WARN__DUPLICATE_METHOD_MATCH = YES;
				COPY_PHASE_STRIP = NO;
				DEBUG_INFORMATION_FORMAT = dwarf;
				ENABLE_STRICT_OBJC_MSGSEND = YES;
				ENABLE_TESTABILITY = YES;
				GCC_C_LANGUAGE_STANDARD = gnu11;
				GCC_DYNAMIC_NO_PIC = NO;
				GCC_NO_COMMON_BLOCKS = YES;
				GCC_OPTIMIZATION_LEVEL = 0;
				GCC_PREPROCESSOR_DEFINITIONS = (
					"DEBUG=1",
					"$(inherited)",
				);
				GCC_WARN_64_TO_32_BIT_CONVERSION = YES;
				GCC_WARN_ABOUT_RETURN_TYPE = YES_ERROR;
				GCC_WARN_UNDECLARED_SELECTOR = YES;
				GCC_WARN_UNINITIALIZED_AUTOS = YES_AGGRESSIVE;
				GCC_WARN_UNUSED_FUNCTION = YES;
				GCC_WARN_UNUSED_VARIABLE = YES;
				IPHONEOS_DEPLOYMENT_TARGET = 12.0;
				MTL_ENABLE_DEBUG_INFO = INCLUDE_SOURCE;
				MTL_FAST_MATH = YES;
				ONLY_ACTIVE_ARCH = YES;
				SDKROOT = iphoneos;
				SWIFT_ACTIVE_COMPILATION_CONDITIONS = DEBUG;
				SWIFT_OPTIMIZATION_LEVEL = "-Onone";
			};
			name = Debug;
		};
		48F16E7225A1B9820036D9A3 /* Release */ = {
			isa = XCBuildConfiguration;
			buildSettings = {
				ALWAYS_SEARCH_USER_PATHS = NO;
				CLANG_ANALYZER_NONNULL = YES;
				CLANG_ANALYZER_NUMBER_OBJECT_CONVERSION = YES_AGGRESSIVE;
				CLANG_CXX_LANGUAGE_STANDARD = "gnu++14";
				CLANG_CXX_LIBRARY = "libc++";
				CLANG_ENABLE_MODULES = YES;
				CLANG_ENABLE_OBJC_ARC = YES;
				CLANG_ENABLE_OBJC_WEAK = YES;
				CLANG_WARN_BLOCK_CAPTURE_AUTORELEASING = YES;
				CLANG_WARN_BOOL_CONVERSION = YES;
				CLANG_WARN_COMMA = YES;
				CLANG_WARN_CONSTANT_CONVERSION = YES;
				CLANG_WARN_DEPRECATED_OBJC_IMPLEMENTATIONS = YES;
				CLANG_WARN_DIRECT_OBJC_ISA_USAGE = YES_ERROR;
				CLANG_WARN_DOCUMENTATION_COMMENTS = YES;
				CLANG_WARN_EMPTY_BODY = YES;
				CLANG_WARN_ENUM_CONVERSION = YES;
				CLANG_WARN_INFINITE_RECURSION = YES;
				CLANG_WARN_INT_CONVERSION = YES;
				CLANG_WARN_NON_LITERAL_NULL_CONVERSION = YES;
				CLANG_WARN_OBJC_IMPLICIT_RETAIN_SELF = YES;
				CLANG_WARN_OBJC_LITERAL_CONVERSION = YES;
				CLANG_WARN_OBJC_ROOT_CLASS = YES_ERROR;
				CLANG_WARN_QUOTED_INCLUDE_IN_FRAMEWORK_HEADER = YES;
				CLANG_WARN_RANGE_LOOP_ANALYSIS = YES;
				CLANG_WARN_STRICT_PROTOTYPES = YES;
				CLANG_WARN_SUSPICIOUS_MOVE = YES;
				CLANG_WARN_UNGUARDED_AVAILABILITY = YES_AGGRESSIVE;
				CLANG_WARN_UNREACHABLE_CODE = YES;
				CLANG_WARN__DUPLICATE_METHOD_MATCH = YES;
				COPY_PHASE_STRIP = NO;
				DEBUG_INFORMATION_FORMAT = "dwarf-with-dsym";
				ENABLE_NS_ASSERTIONS = NO;
				ENABLE_STRICT_OBJC_MSGSEND = YES;
				GCC_C_LANGUAGE_STANDARD = gnu11;
				GCC_NO_COMMON_BLOCKS = YES;
				GCC_WARN_64_TO_32_BIT_CONVERSION = YES;
				GCC_WARN_ABOUT_RETURN_TYPE = YES_ERROR;
				GCC_WARN_UNDECLARED_SELECTOR = YES;
				GCC_WARN_UNINITIALIZED_AUTOS = YES_AGGRESSIVE;
				GCC_WARN_UNUSED_FUNCTION = YES;
				GCC_WARN_UNUSED_VARIABLE = YES;
				IPHONEOS_DEPLOYMENT_TARGET = 12.0;
				MTL_ENABLE_DEBUG_INFO = NO;
				MTL_FAST_MATH = YES;
				SDKROOT = iphoneos;
				SWIFT_COMPILATION_MODE = wholemodule;
				SWIFT_OPTIMIZATION_LEVEL = "-O";
				VALIDATE_PRODUCT = YES;
			};
			name = Release;
		};
		48F16E7425A1B9820036D9A3 /* Debug */ = {
			isa = XCBuildConfiguration;
			buildSettings = {
				ASSETCATALOG_COMPILER_APPICON_NAME = AppIcon;
				ASSETCATALOG_COMPILER_GLOBAL_ACCENT_COLOR_NAME = AccentColor;
				CODE_SIGN_STYLE = Automatic;
				DEVELOPMENT_TEAM = 78X32W2D44;
				INFOPLIST_FILE = "Reminder-Clone/Info.plist";
				IPHONEOS_DEPLOYMENT_TARGET = 11.0;
				LD_RUNPATH_SEARCH_PATHS = (
					"$(inherited)",
					"@executable_path/Frameworks",
				);
				"OTHER_LDFLAGS[sdk=iphonesimulator*]" = (
					"-Xlinker",
					"-interposable",
				);
				PRODUCT_BUNDLE_IDENTIFIER = "dev.sonjk.Reminder-Clone";
				PRODUCT_NAME = "$(TARGET_NAME)";
				SWIFT_VERSION = 5.0;
				TARGETED_DEVICE_FAMILY = 1;
			};
			name = Debug;
		};
		48F16E7525A1B9820036D9A3 /* Release */ = {
			isa = XCBuildConfiguration;
			buildSettings = {
				ASSETCATALOG_COMPILER_APPICON_NAME = AppIcon;
				ASSETCATALOG_COMPILER_GLOBAL_ACCENT_COLOR_NAME = AccentColor;
				CODE_SIGN_STYLE = Automatic;
				DEVELOPMENT_TEAM = 78X32W2D44;
				INFOPLIST_FILE = "Reminder-Clone/Info.plist";
				IPHONEOS_DEPLOYMENT_TARGET = 11.0;
				LD_RUNPATH_SEARCH_PATHS = (
					"$(inherited)",
					"@executable_path/Frameworks",
				);
				PRODUCT_BUNDLE_IDENTIFIER = "dev.sonjk.Reminder-Clone";
				PRODUCT_NAME = "$(TARGET_NAME)";
				SWIFT_VERSION = 5.0;
				TARGETED_DEVICE_FAMILY = 1;
			};
			name = Release;
		};
/* End XCBuildConfiguration section */

/* Begin XCConfigurationList section */
		48F16E5725A1B9800036D9A3 /* Build configuration list for PBXProject "Reminder-Clone" */ = {
			isa = XCConfigurationList;
			buildConfigurations = (
				48F16E7125A1B9820036D9A3 /* Debug */,
				48F16E7225A1B9820036D9A3 /* Release */,
			);
			defaultConfigurationIsVisible = 0;
			defaultConfigurationName = Release;
		};
		48F16E7325A1B9820036D9A3 /* Build configuration list for PBXNativeTarget "Reminder-Clone" */ = {
			isa = XCConfigurationList;
			buildConfigurations = (
				48F16E7425A1B9820036D9A3 /* Debug */,
				48F16E7525A1B9820036D9A3 /* Release */,
			);
			defaultConfigurationIsVisible = 0;
			defaultConfigurationName = Release;
		};
/* End XCConfigurationList section */

/* Begin XCVersionGroup section */
		48F16E6825A1B9800036D9A3 /* Reminder_Clone.xcdatamodeld */ = {
			isa = XCVersionGroup;
			children = (
				48F16E6925A1B9800036D9A3 /* Reminder_Clone.xcdatamodel */,
			);
			currentVersion = 48F16E6925A1B9800036D9A3 /* Reminder_Clone.xcdatamodel */;
			path = Reminder_Clone.xcdatamodeld;
			sourceTree = "<group>";
			versionGroupType = wrapper.xcdatamodel;
		};
/* End XCVersionGroup section */
	};
	rootObject = 48F16E5425A1B9800036D9A3 /* Project object */;
}
